// !$*UTF8*$!
{
	archiveVersion = 1;
	classes = {
	};
	objectVersion = 46;
	objects = {

/* Begin PBXBuildFile section */
		A68BA4BE1659D759008B56BB /* UIKit.framework in Frameworks */ = {isa = PBXBuildFile; fileRef = A68BA4BD1659D759008B56BB /* UIKit.framework */; };
		A68BA4C01659D759008B56BB /* Foundation.framework in Frameworks */ = {isa = PBXBuildFile; fileRef = A68BA4BF1659D759008B56BB /* Foundation.framework */; };
		A68BA4C21659D759008B56BB /* CoreGraphics.framework in Frameworks */ = {isa = PBXBuildFile; fileRef = A68BA4C11659D759008B56BB /* CoreGraphics.framework */; };
		A68BA4C81659D759008B56BB /* InfoPlist.strings in Resources */ = {isa = PBXBuildFile; fileRef = A68BA4C61659D759008B56BB /* InfoPlist.strings */; };
		A68BA4CA1659D759008B56BB /* main.m in Sources */ = {isa = PBXBuildFile; fileRef = A68BA4C91659D759008B56BB /* main.m */; };
		A68BA4CE1659D759008B56BB /* AppDelegate.m in Sources */ = {isa = PBXBuildFile; fileRef = A68BA4CD1659D759008B56BB /* AppDelegate.m */; };
		A68BA4D11659D759008B56BB /* ViewController.m in Sources */ = {isa = PBXBuildFile; fileRef = A68BA4D01659D759008B56BB /* ViewController.m */; };
		A68BA4D41659D759008B56BB /* ViewController.xib in Resources */ = {isa = PBXBuildFile; fileRef = A68BA4D21659D759008B56BB /* ViewController.xib */; };
		A68BA4E01659D915008B56BB /* CustomerMoviePlayerViewController.m in Sources */ = {isa = PBXBuildFile; fileRef = A68BA4DF1659D915008B56BB /* CustomerMoviePlayerViewController.m */; };
		A68BA4E31659D937008B56BB /* CustomerMoviePlayerView.m in Sources */ = {isa = PBXBuildFile; fileRef = A68BA4E21659D937008B56BB /* CustomerMoviePlayerView.m */; };
		A68BA4E51659D953008B56BB /* QuartzCore.framework in Frameworks */ = {isa = PBXBuildFile; fileRef = A68BA4E41659D953008B56BB /* QuartzCore.framework */; };
		A68BA4E71659D95A008B56BB /* AVFoundation.framework in Frameworks */ = {isa = PBXBuildFile; fileRef = A68BA4E61659D959008B56BB /* AVFoundation.framework */; };
		A68BA4E91659D961008B56BB /* MediaPlayer.framework in Frameworks */ = {isa = PBXBuildFile; fileRef = A68BA4E81659D960008B56BB /* MediaPlayer.framework */; };
		A68BA4EB1659D966008B56BB /* AssetsLibrary.framework in Frameworks */ = {isa = PBXBuildFile; fileRef = A68BA4EA1659D966008B56BB /* AssetsLibrary.framework */; };
		A68BA4ED1659D96E008B56BB /* MobileCoreServices.framework in Frameworks */ = {isa = PBXBuildFile; fileRef = A68BA4EC1659D96E008B56BB /* MobileCoreServices.framework */; };
		A68BA4EF1659D987008B56BB /* CoreMedia.framework in Frameworks */ = {isa = PBXBuildFile; fileRef = A68BA4EE1659D987008B56BB /* CoreMedia.framework */; };
		A68BA4F61659E073008B56BB /* PlayerControlView.m in Sources */ = {isa = PBXBuildFile; fileRef = A68BA4F51659E073008B56BB /* PlayerControlView.m */; };
		A68BA4FC165A08D3008B56BB /* 00881.mp4 in Resources */ = {isa = PBXBuildFile; fileRef = A68BA4FB165A08D3008B56BB /* 00881.mp4 */; };
/* End PBXBuildFile section */

/* Begin PBXFileReference section */
		A68BA4B91659D759008B56BB /* CustomMoviePlayer.app */ = {isa = PBXFileReference; explicitFileType = wrapper.application; includeInIndex = 0; path = CustomMoviePlayer.app; sourceTree = BUILT_PRODUCTS_DIR; };
		A68BA4BD1659D759008B56BB /* UIKit.framework */ = {isa = PBXFileReference; lastKnownFileType = wrapper.framework; name = UIKit.framework; path = System/Library/Frameworks/UIKit.framework; sourceTree = SDKROOT; };
		A68BA4BF1659D759008B56BB /* Foundation.framework */ = {isa = PBXFileReference; lastKnownFileType = wrapper.framework; name = Foundation.framework; path = System/Library/Frameworks/Foundation.framework; sourceTree = SDKROOT; };
		A68BA4C11659D759008B56BB /* CoreGraphics.framework */ = {isa = PBXFileReference; lastKnownFileType = wrapper.framework; name = CoreGraphics.framework; path = System/Library/Frameworks/CoreGraphics.framework; sourceTree = SDKROOT; };
		A68BA4C51659D759008B56BB /* CustomMoviePlayer-Info.plist */ = {isa = PBXFileReference; lastKnownFileType = text.plist.xml; path = "CustomMoviePlayer-Info.plist"; sourceTree = "<group>"; };
		A68BA4C71659D759008B56BB /* en */ = {isa = PBXFileReference; lastKnownFileType = text.plist.strings; name = en; path = en.lproj/InfoPlist.strings; sourceTree = "<group>"; };
		A68BA4C91659D759008B56BB /* main.m */ = {isa = PBXFileReference; lastKnownFileType = sourcecode.c.objc; path = main.m; sourceTree = "<group>"; };
		A68BA4CB1659D759008B56BB /* CustomMoviePlayer-Prefix.pch */ = {isa = PBXFileReference; lastKnownFileType = sourcecode.c.h; path = "CustomMoviePlayer-Prefix.pch"; sourceTree = "<group>"; };
		A68BA4CC1659D759008B56BB /* AppDelegate.h */ = {isa = PBXFileReference; lastKnownFileType = sourcecode.c.h; path = AppDelegate.h; sourceTree = "<group>"; };
		A68BA4CD1659D759008B56BB /* AppDelegate.m */ = {isa = PBXFileReference; lastKnownFileType = sourcecode.c.objc; path = AppDelegate.m; sourceTree = "<group>"; };
		A68BA4CF1659D759008B56BB /* ViewController.h */ = {isa = PBXFileReference; lastKnownFileType = sourcecode.c.h; path = ViewController.h; sourceTree = "<group>"; };
		A68BA4D01659D759008B56BB /* ViewController.m */ = {isa = PBXFileReference; lastKnownFileType = sourcecode.c.objc; path = ViewController.m; sourceTree = "<group>"; };
		A68BA4D31659D759008B56BB /* en */ = {isa = PBXFileReference; lastKnownFileType = file.xib; name = en; path = en.lproj/ViewController.xib; sourceTree = "<group>"; };
		A68BA4DE1659D915008B56BB /* CustomerMoviePlayerViewController.h */ = {isa = PBXFileReference; fileEncoding = 4; lastKnownFileType = sourcecode.c.h; path = CustomerMoviePlayerViewController.h; sourceTree = "<group>"; };
		A68BA4DF1659D915008B56BB /* CustomerMoviePlayerViewController.m */ = {isa = PBXFileReference; fileEncoding = 4; lastKnownFileType = sourcecode.c.objc; path = CustomerMoviePlayerViewController.m; sourceTree = "<group>"; };
		A68BA4E11659D937008B56BB /* CustomerMoviePlayerView.h */ = {isa = PBXFileReference; fileEncoding = 4; lastKnownFileType = sourcecode.c.h; path = CustomerMoviePlayerView.h; sourceTree = "<group>"; };
		A68BA4E21659D937008B56BB /* CustomerMoviePlayerView.m */ = {isa = PBXFileReference; fileEncoding = 4; lastKnownFileType = sourcecode.c.objc; path = CustomerMoviePlayerView.m; sourceTree = "<group>"; };
		A68BA4E41659D953008B56BB /* QuartzCore.framework */ = {isa = PBXFileReference; lastKnownFileType = wrapper.framework; name = QuartzCore.framework; path = System/Library/Frameworks/QuartzCore.framework; sourceTree = SDKROOT; };
		A68BA4E61659D959008B56BB /* AVFoundation.framework */ = {isa = PBXFileReference; lastKnownFileType = wrapper.framework; name = AVFoundation.framework; path = System/Library/Frameworks/AVFoundation.framework; sourceTree = SDKROOT; };
		A68BA4E81659D960008B56BB /* MediaPlayer.framework */ = {isa = PBXFileReference; lastKnownFileType = wrapper.framework; name = MediaPlayer.framework; path = System/Library/Frameworks/MediaPlayer.framework; sourceTree = SDKROOT; };
		A68BA4EA1659D966008B56BB /* AssetsLibrary.framework */ = {isa = PBXFileReference; lastKnownFileType = wrapper.framework; name = AssetsLibrary.framework; path = System/Library/Frameworks/AssetsLibrary.framework; sourceTree = SDKROOT; };
		A68BA4EC1659D96E008B56BB /* MobileCoreServices.framework */ = {isa = PBXFileReference; lastKnownFileType = wrapper.framework; name = MobileCoreServices.framework; path = System/Library/Frameworks/MobileCoreServices.framework; sourceTree = SDKROOT; };
		A68BA4EE1659D987008B56BB /* CoreMedia.framework */ = {isa = PBXFileReference; lastKnownFileType = wrapper.framework; name = CoreMedia.framework; path = System/Library/Frameworks/CoreMedia.framework; sourceTree = SDKROOT; };
		A68BA4F41659E073008B56BB /* PlayerControlView.h */ = {isa = PBXFileReference; fileEncoding = 4; lastKnownFileType = sourcecode.c.h; path = PlayerControlView.h; sourceTree = "<group>"; };
		A68BA4F51659E073008B56BB /* PlayerControlView.m */ = {isa = PBXFileReference; fileEncoding = 4; lastKnownFileType = sourcecode.c.objc; path = PlayerControlView.m; sourceTree = "<group>"; };
		A68BA4FB165A08D3008B56BB /* 00881.mp4 */ = {isa = PBXFileReference; lastKnownFileType = file; path = 00881.mp4; sourceTree = "<group>"; };
/* End PBXFileReference section */

/* Begin PBXFrameworksBuildPhase section */
		A68BA4B61659D759008B56BB /* Frameworks */ = {
			isa = PBXFrameworksBuildPhase;
			buildActionMask = 2147483647;
			files = (
				A68BA4EF1659D987008B56BB /* CoreMedia.framework in Frameworks */,
				A68BA4ED1659D96E008B56BB /* MobileCoreServices.framework in Frameworks */,
				A68BA4EB1659D966008B56BB /* AssetsLibrary.framework in Frameworks */,
				A68BA4E91659D961008B56BB /* MediaPlayer.framework in Frameworks */,
				A68BA4E71659D95A008B56BB /* AVFoundation.framework in Frameworks */,
				A68BA4E51659D953008B56BB /* QuartzCore.framework in Frameworks */,
				A68BA4BE1659D759008B56BB /* UIKit.framework in Frameworks */,
				A68BA4C01659D759008B56BB /* Foundation.framework in Frameworks */,
				A68BA4C21659D759008B56BB /* CoreGraphics.framework in Frameworks */,
			);
			runOnlyForDeploymentPostprocessing = 0;
		};
/* End PBXFrameworksBuildPhase section */

/* Begin PBXGroup section */
		A68BA4AE1659D759008B56BB = {
			isa = PBXGroup;
			children = (
				A68BA4C31659D759008B56BB /* CustomMoviePlayer */,
				A68BA4BC1659D759008B56BB /* Frameworks */,
				A68BA4BA1659D759008B56BB /* Products */,
			);
			sourceTree = "<group>";
		};
		A68BA4BA1659D759008B56BB /* Products */ = {
			isa = PBXGroup;
			children = (
				A68BA4B91659D759008B56BB /* CustomMoviePlayer.app */,
			);
			name = Products;
			sourceTree = "<group>";
		};
		A68BA4BC1659D759008B56BB /* Frameworks */ = {
			isa = PBXGroup;
			children = (
				A68BA4EE1659D987008B56BB /* CoreMedia.framework */,
				A68BA4EC1659D96E008B56BB /* MobileCoreServices.framework */,
				A68BA4EA1659D966008B56BB /* AssetsLibrary.framework */,
				A68BA4E81659D960008B56BB /* MediaPlayer.framework */,
				A68BA4E61659D959008B56BB /* AVFoundation.framework */,
				A68BA4E41659D953008B56BB /* QuartzCore.framework */,
				A68BA4BD1659D759008B56BB /* UIKit.framework */,
				A68BA4BF1659D759008B56BB /* Foundation.framework */,
				A68BA4C11659D759008B56BB /* CoreGraphics.framework */,
			);
			name = Frameworks;
			sourceTree = "<group>";
		};
		A68BA4C31659D759008B56BB /* CustomMoviePlayer */ = {
			isa = PBXGroup;
			children = (
				A68BA4CC1659D759008B56BB /* AppDelegate.h */,
				A68BA4CD1659D759008B56BB /* AppDelegate.m */,
				A68BA4CF1659D759008B56BB /* ViewController.h */,
				A68BA4D01659D759008B56BB /* ViewController.m */,
				A68BA4D21659D759008B56BB /* ViewController.xib */,
				A68BA4DE1659D915008B56BB /* CustomerMoviePlayerViewController.h */,
				A68BA4DF1659D915008B56BB /* CustomerMoviePlayerViewController.m */,
				A68BA4E11659D937008B56BB /* CustomerMoviePlayerView.h */,
				A68BA4E21659D937008B56BB /* CustomerMoviePlayerView.m */,
				A68BA4F41659E073008B56BB /* PlayerControlView.h */,
				A68BA4F51659E073008B56BB /* PlayerControlView.m */,
				A68BA4C41659D759008B56BB /* Supporting Files */,
			);
			path = CustomMoviePlayer;
			sourceTree = "<group>";
		};
		A68BA4C41659D759008B56BB /* Supporting Files */ = {
			isa = PBXGroup;
			children = (
				A68BA4FB165A08D3008B56BB /* 00881.mp4 */,
				A68BA4C51659D759008B56BB /* CustomMoviePlayer-Info.plist */,
				A68BA4C61659D759008B56BB /* InfoPlist.strings */,
				A68BA4C91659D759008B56BB /* main.m */,
				A68BA4CB1659D759008B56BB /* CustomMoviePlayer-Prefix.pch */,
			);
			name = "Supporting Files";
			sourceTree = "<group>";
		};
/* End PBXGroup section */

/* Begin PBXNativeTarget section */
		A68BA4B81659D759008B56BB /* CustomMoviePlayer */ = {
			isa = PBXNativeTarget;
			buildConfigurationList = A68BA4D71659D759008B56BB /* Build configuration list for PBXNativeTarget "CustomMoviePlayer" */;
			buildPhases = (
				A68BA4B51659D759008B56BB /* Sources */,
				A68BA4B61659D759008B56BB /* Frameworks */,
				A68BA4B71659D759008B56BB /* Resources */,
			);
			buildRules = (
			);
			dependencies = (
			);
			name = CustomMoviePlayer;
			productName = CustomMoviePlayer;
			productReference = A68BA4B91659D759008B56BB /* CustomMoviePlayer.app */;
			productType = "com.apple.product-type.application";
		};
/* End PBXNativeTarget section */

/* Begin PBXProject section */
		A68BA4B01659D759008B56BB /* Project object */ = {
			isa = PBXProject;
			attributes = {
				LastUpgradeCheck = 0440;
				ORGANIZATIONNAME = showone;
			};
			buildConfigurationList = A68BA4B31659D759008B56BB /* Build configuration list for PBXProject "CustomMoviePlayer" */;
			compatibilityVersion = "Xcode 3.2";
			developmentRegion = English;
			hasScannedForEncodings = 0;
			knownRegions = (
				en,
			);
			mainGroup = A68BA4AE1659D759008B56BB;
			productRefGroup = A68BA4BA1659D759008B56BB /* Products */;
			projectDirPath = "";
			projectRoot = "";
			targets = (
				A68BA4B81659D759008B56BB /* CustomMoviePlayer */,
			);
		};
/* End PBXProject section */

/* Begin PBXResourcesBuildPhase section */
		A68BA4B71659D759008B56BB /* Resources */ = {
			isa = PBXResourcesBuildPhase;
			buildActionMask = 2147483647;
			files = (
				A68BA4C81659D759008B56BB /* InfoPlist.strings in Resources */,
				A68BA4D41659D759008B56BB /* ViewController.xib in Resources */,
				A68BA4FC165A08D3008B56BB /* 00881.mp4 in Resources */,
			);
			runOnlyForDeploymentPostprocessing = 0;
		};
/* End PBXResourcesBuildPhase section */

/* Begin PBXSourcesBuildPhase section */
		A68BA4B51659D759008B56BB /* Sources */ = {
			isa = PBXSourcesBuildPhase;
			buildActionMask = 2147483647;
			files = (
				A68BA4CA1659D759008B56BB /* main.m in Sources */,
				A68BA4CE1659D759008B56BB /* AppDelegate.m in Sources */,
				A68BA4D11659D759008B56BB /* ViewController.m in Sources */,
				A68BA4E01659D915008B56BB /* CustomerMoviePlayerViewController.m in Sources */,
				A68BA4E31659D937008B56BB /* CustomerMoviePlayerView.m in Sources */,
				A68BA4F61659E073008B56BB /* PlayerControlView.m in Sources */,
			);
			runOnlyForDeploymentPostprocessing = 0;
		};
/* End PBXSourcesBuildPhase section */

/* Begin PBXVariantGroup section */
		A68BA4C61659D759008B56BB /* InfoPlist.strings */ = {
			isa = PBXVariantGroup;
			children = (
				A68BA4C71659D759008B56BB /* en */,
			);
			name = InfoPlist.strings;
			sourceTree = "<group>";
		};
		A68BA4D21659D759008B56BB /* ViewController.xib */ = {
			isa = PBXVariantGroup;
			children = (
				A68BA4D31659D759008B56BB /* en */,
			);
			name = ViewController.xib;
			sourceTree = "<group>";
		};
/* End PBXVariantGroup section */

/* Begin XCBuildConfiguration section */
		A68BA4D51659D759008B56BB /* Debug */ = {
			isa = XCBuildConfiguration;
			buildSettings = {
				ALWAYS_SEARCH_USER_PATHS = NO;
				ARCHS = "$(ARCHS_STANDARD_32_BIT)";
				CLANG_CXX_LANGUAGE_STANDARD = "gnu++0x";
				CLANG_WARN__DUPLICATE_METHOD_MATCH = YES;
				"CODE_SIGN_IDENTITY[sdk=iphoneos*]" = "iPhone Developer: Wei Xue (W796EH9633)";
				COPY_PHASE_STRIP = NO;
				GCC_C_LANGUAGE_STANDARD = gnu99;
				GCC_DYNAMIC_NO_PIC = NO;
				GCC_OPTIMIZATION_LEVEL = 0;
				GCC_PREPROCESSOR_DEFINITIONS = (
					"DEBUG=1",
					"$(inherited)",
				);
				GCC_SYMBOLS_PRIVATE_EXTERN = NO;
				GCC_VERSION = com.apple.compilers.llvm.clang.1_0;
				GCC_WARN_ABOUT_RETURN_TYPE = YES;
				GCC_WARN_UNINITIALIZED_AUTOS = YES;
				GCC_WARN_UNUSED_VARIABLE = YES;
				IPHONEOS_DEPLOYMENT_TARGET = 5.1;
				"PROVISIONING_PROFILE[sdk=iphoneos*]" = "E8E7E394-3AA1-47FA-A31B-345CA88CE0F2";
				SDKROOT = iphoneos;
				TARGETED_DEVICE_FAMILY = 2;
			};
			name = Debug;
		};
		A68BA4D61659D759008B56BB /* Release */ = {
			isa = XCBuildConfiguration;
			buildSettings = {
				ALWAYS_SEARCH_USER_PATHS = NO;
				ARCHS = "$(ARCHS_STANDARD_32_BIT)";
				CLANG_CXX_LANGUAGE_STANDARD = "gnu++0x";
				CLANG_WARN__DUPLICATE_METHOD_MATCH = YES;
				"CODE_SIGN_IDENTITY[sdk=iphoneos*]" = "iPhone Developer: Wei Xue (W796EH9633)";
				COPY_PHASE_STRIP = YES;
				GCC_C_LANGUAGE_STANDARD = gnu99;
				GCC_VERSION = com.apple.compilers.llvm.clang.1_0;
				GCC_WARN_ABOUT_RETURN_TYPE = YES;
				GCC_WARN_UNINITIALIZED_AUTOS = YES;
				GCC_WARN_UNUSED_VARIABLE = YES;
				IPHONEOS_DEPLOYMENT_TARGET = 5.1;
				OTHER_CFLAGS = "-DNS_BLOCK_ASSERTIONS=1";
				"PROVISIONING_PROFILE[sdk=iphoneos*]" = "E8E7E394-3AA1-47FA-A31B-345CA88CE0F2";
				SDKROOT = iphoneos;
				TARGETED_DEVICE_FAMILY = 2;
				VALIDATE_PRODUCT = YES;
			};
			name = Release;
		};
		A68BA4D81659D759008B56BB /* Debug */ = {
			isa = XCBuildConfiguration;
			buildSettings = {
				"CODE_SIGN_IDENTITY[sdk=iphoneos*]" = "iPhone Developer: Wei Xue (W796EH9633)";
				GCC_PRECOMPILE_PREFIX_HEADER = YES;
				GCC_PREFIX_HEADER = "CustomMoviePlayer/CustomMoviePlayer-Prefix.pch";
				INFOPLIST_FILE = "CustomMoviePlayer/CustomMoviePlayer-Info.plist";
				PRODUCT_NAME = "$(TARGET_NAME)";
				"PROVISIONING_PROFILE[sdk=iphoneos*]" = "E8E7E394-3AA1-47FA-A31B-345CA88CE0F2";
				WRAPPER_EXTENSION = app;
			};
			name = Debug;
		};
		A68BA4D91659D759008B56BB /* Release */ = {
			isa = XCBuildConfiguration;
			buildSettings = {
				"CODE_SIGN_IDENTITY[sdk=iphoneos*]" = "iPhone Developer: Wei Xue (W796EH9633)";
				GCC_PRECOMPILE_PREFIX_HEADER = YES;
				GCC_PREFIX_HEADER = "CustomMoviePlayer/CustomMoviePlayer-Prefix.pch";
				INFOPLIST_FILE = "CustomMoviePlayer/CustomMoviePlayer-Info.plist";
				PRODUCT_NAME = "$(TARGET_NAME)";
				"PROVISIONING_PROFILE[sdk=iphoneos*]" = "E8E7E394-3AA1-47FA-A31B-345CA88CE0F2";
				WRAPPER_EXTENSION = app;
			};
			name = Release;
		};
/* End XCBuildConfiguration section */

/* Begin XCConfigurationList section */
		A68BA4B31659D759008B56BB /* Build configuration list for PBXProject "CustomMoviePlayer" */ = {
			isa = XCConfigurationList;
			buildConfigurations = (
				A68BA4D51659D759008B56BB /* Debug */,
				A68BA4D61659D759008B56BB /* Release */,
			);
			defaultConfigurationIsVisible = 0;
			defaultConfigurationName = Release;
		};
		A68BA4D71659D759008B56BB /* Build configuration list for PBXNativeTarget "CustomMoviePlayer" */ = {
			isa = XCConfigurationList;
			buildConfigurations = (
				A68BA4D81659D759008B56BB /* Debug */,
				A68BA4D91659D759008B56BB /* Release */,
			);
			defaultConfigurationIsVisible = 0;
			defaultConfigurationName = Release;
		};
/* End XCConfigurationList section */
	};
	rootObject = A68BA4B01659D759008B56BB /* Project object */;
}
